
Microsoft Visual Studio Solution File, Format Version 12.00
# Visual Studio 14
VisualStudioVersion = 14.0.25420.1
MinimumVisualStudioVersion = 10.0.40219.1
Project("{FAE04EC0-301F-11D3-BF4B-00C04F79EFBC}") = "AltadePiezas", "AltadePiezas\AltadePiezas.csproj", "{D75E31CB-A068-4B87-B93A-C7E1A2402EA1}"
EndProject
Project("{FAE04EC0-301F-11D3-BF4B-00C04F79EFBC}") = "Servicio", "Servicio\Servicio.csproj", "{1593CF0B-15AE-4AB0-8146-ECE4AE367362}"
EndProject
Global
	GlobalSection(SolutionConfigurationPlatforms) = preSolution
		Debug|Any CPU = Debug|Any CPU
		Release|Any CPU = Release|Any CPU
	EndGlobalSection
	GlobalSection(ProjectConfigurationPlatforms) = postSolution
		{D75E31CB-A068-4B87-B93A-C7E1A2402EA1}.Debug|Any CPU.ActiveCfg = Debug|Any CPU
		{D75E31CB-A068-4B87-B93A-C7E1A2402EA1}.Debug|Any CPU.Build.0 = Debug|Any CPU
		{D75E31CB-A068-4B87-B93A-C7E1A2402EA1}.Release|Any CPU.ActiveCfg = Release|Any CPU
		{D75E31CB-A068-4B87-B93A-C7E1A2402EA1}.Release|Any CPU.Build.0 = Release|Any CPU
		{1593CF0B-15AE-4AB0-8146-ECE4AE367362}.Debug|Any CPU.ActiveCfg = Debug|Any CPU
		{1593CF0B-15AE-4AB0-8146-ECE4AE367362}.Debug|Any CPU.Build.0 = Debug|Any CPU
		{1593CF0B-15AE-4AB0-8146-ECE4AE367362}.Release|Any CPU.ActiveCfg = Release|Any CPU
		{1593CF0B-15AE-4AB0-8146-ECE4AE367362}.Release|Any CPU.Build.0 = Release|Any CPU
	EndGlobalSection
	GlobalSection(SolutionProperties) = preSolution
		HideSolutionNode = FALSE
	EndGlobalSection
EndGlobal
